
Microsoft Visual Studio Solution File, Format Version 12.00
# Visual Studio Version 16
VisualStudioVersion = 16.0.30114.128
MinimumVisualStudioVersion = 10.0.40219.1
Project("{FAE04EC0-301F-11D3-BF4B-00C04F79EFBC}") = "Agencija", "Agencija\Agencija.csproj", "{6520F08A-7DC8-4648-91CC-64C562B5E6D0}"
EndProject
Global
	GlobalSection(SolutionConfigurationPlatforms) = preSolution
		Debug|Any CPU = Debug|Any CPU
		Release|Any CPU = Release|Any CPU
	EndGlobalSection
	GlobalSection(ProjectConfigurationPlatforms) = postSolution
		{6520F08A-7DC8-4648-91CC-64C562B5E6D0}.Debug|Any CPU.ActiveCfg = Debug|Any CPU
		{6520F08A-7DC8-4648-91CC-64C562B5E6D0}.Debug|Any CPU.Build.0 = Debug|Any CPU
		{6520F08A-7DC8-4648-91CC-64C562B5E6D0}.Release|Any CPU.ActiveCfg = Release|Any CPU
		{6520F08A-7DC8-4648-91CC-64C562B5E6D0}.Release|Any CPU.Build.0 = Release|Any CPU
	EndGlobalSection
	GlobalSection(SolutionProperties) = preSolution
		HideSolutionNode = FALSE
	EndGlobalSection
	GlobalSection(ExtensibilityGlobals) = postSolution
		SolutionGuid = {917762BF-5330-41CF-A19B-BB247D037308}
	EndGlobalSection
EndGlobal
